
Microsoft Visual Studio Solution File, Format Version 12.00
# Visual Studio Version 17
VisualStudioVersion = 17.5.33502.453
MinimumVisualStudioVersion = 10.0.40219.1
Project("{9A19103F-16F7-4668-BE54-9A1E7A4F7556}") = "QuizzApp.Core", "QuizzApp.Core\QuizzApp.Core.csproj", "{EBABB88A-B195-4A1E-AE1D-778340B18F0A}"
EndProject
Project("{9A19103F-16F7-4668-BE54-9A1E7A4F7556}") = "QuizzApp.API", "QuizzApp.API\QuizzApp.API.csproj", "{7A129BA0-EB56-445A-89C7-DD8C50E64BE8}"
EndProject
Project("{9A19103F-16F7-4668-BE54-9A1E7A4F7556}") = "QuizzApp.Test", "QuizzApp.Test\QuizzApp.Test.csproj", "{82BEBADE-FC51-48FB-948A-17B6016A86CF}"
EndProject
Global
	GlobalSection(SolutionConfigurationPlatforms) = preSolution
		Debug|Any CPU = Debug|Any CPU
		Release|Any CPU = Release|Any CPU
	EndGlobalSection
	GlobalSection(ProjectConfigurationPlatforms) = postSolution
		{EBABB88A-B195-4A1E-AE1D-778340B18F0A}.Debug|Any CPU.ActiveCfg = Debug|Any CPU
		{EBABB88A-B195-4A1E-AE1D-778340B18F0A}.Debug|Any CPU.Build.0 = Debug|Any CPU
		{EBABB88A-B195-4A1E-AE1D-778340B18F0A}.Release|Any CPU.ActiveCfg = Release|Any CPU
		{EBABB88A-B195-4A1E-AE1D-778340B18F0A}.Release|Any CPU.Build.0 = Release|Any CPU
		{7A129BA0-EB56-445A-89C7-DD8C50E64BE8}.Debug|Any CPU.ActiveCfg = Debug|Any CPU
		{7A129BA0-EB56-445A-89C7-DD8C50E64BE8}.Debug|Any CPU.Build.0 = Debug|Any CPU
		{7A129BA0-EB56-445A-89C7-DD8C50E64BE8}.Release|Any CPU.ActiveCfg = Release|Any CPU
		{7A129BA0-EB56-445A-89C7-DD8C50E64BE8}.Release|Any CPU.Build.0 = Release|Any CPU
		{82BEBADE-FC51-48FB-948A-17B6016A86CF}.Debug|Any CPU.ActiveCfg = Debug|Any CPU
		{82BEBADE-FC51-48FB-948A-17B6016A86CF}.Debug|Any CPU.Build.0 = Debug|Any CPU
		{82BEBADE-FC51-48FB-948A-17B6016A86CF}.Release|Any CPU.ActiveCfg = Release|Any CPU
		{82BEBADE-FC51-48FB-948A-17B6016A86CF}.Release|Any CPU.Build.0 = Release|Any CPU
	EndGlobalSection
	GlobalSection(SolutionProperties) = preSolution
		HideSolutionNode = FALSE
	EndGlobalSection
	GlobalSection(ExtensibilityGlobals) = postSolution
		SolutionGuid = {7E3B2428-C5C3-47FA-B5CD-09C5BA83406F}
	EndGlobalSection
EndGlobal
