
Microsoft Visual Studio Solution File, Format Version 12.00
# Visual Studio Version 17
VisualStudioVersion = 17.5.33502.453
MinimumVisualStudioVersion = 10.0.40219.1
Project("{9A19103F-16F7-4668-BE54-9A1E7A4F7556}") = "QuizzApp.MVC", "QuizzApp.MVC\QuizzApp.MVC.csproj", "{2A31BEAD-81BA-43CD-8B85-EA0E62008B0C}"
EndProject
Project("{FAE04EC0-301F-11D3-BF4B-00C04F79EFBC}") = "QuizzApp.Core", "QuizzApp.Core\QuizzApp.Core.csproj", "{EBABB88A-B195-4A1E-AE1D-778340B18F0A}"
EndProject
Global
	GlobalSection(SolutionConfigurationPlatforms) = preSolution
		Debug|Any CPU = Debug|Any CPU
		Release|Any CPU = Release|Any CPU
	EndGlobalSection
	GlobalSection(ProjectConfigurationPlatforms) = postSolution
		{2A31BEAD-81BA-43CD-8B85-EA0E62008B0C}.Debug|Any CPU.ActiveCfg = Debug|Any CPU
		{2A31BEAD-81BA-43CD-8B85-EA0E62008B0C}.Debug|Any CPU.Build.0 = Debug|Any CPU
		{2A31BEAD-81BA-43CD-8B85-EA0E62008B0C}.Release|Any CPU.ActiveCfg = Release|Any CPU
		{2A31BEAD-81BA-43CD-8B85-EA0E62008B0C}.Release|Any CPU.Build.0 = Release|Any CPU
		{EBABB88A-B195-4A1E-AE1D-778340B18F0A}.Debug|Any CPU.ActiveCfg = Debug|Any CPU
		{EBABB88A-B195-4A1E-AE1D-778340B18F0A}.Debug|Any CPU.Build.0 = Debug|Any CPU
		{EBABB88A-B195-4A1E-AE1D-778340B18F0A}.Release|Any CPU.ActiveCfg = Release|Any CPU
		{EBABB88A-B195-4A1E-AE1D-778340B18F0A}.Release|Any CPU.Build.0 = Release|Any CPU
	EndGlobalSection
	GlobalSection(SolutionProperties) = preSolution
		HideSolutionNode = FALSE
	EndGlobalSection
	GlobalSection(ExtensibilityGlobals) = postSolution
		SolutionGuid = {7E3B2428-C5C3-47FA-B5CD-09C5BA83406F}
	EndGlobalSection
EndGlobal
